
Microsoft Visual Studio Solution File, Format Version 12.00
# Visual Studio Version 17
VisualStudioVersion = 17.8.34511.84
MinimumVisualStudioVersion = 10.0.40219.1
Project("{9A19103F-16F7-4668-BE54-9A1E7A4F7556}") = "Northwind.Common.EntityModels.Sqlite", "Northwind.Common.EntityModels.Sqlite\Northwind.Common.EntityModels.Sqlite.csproj", "{97CFF9DF-76E5-4EE8-97DA-88D3284AD90C}"
EndProject
Project("{9A19103F-16F7-4668-BE54-9A1E7A4F7556}") = "Northwind.Common.DataContext.Sqlite", "Northwind.Common.DataContext.Sqlite\Northwind.Common.DataContext.Sqlite.csproj", "{C8BE3821-2132-475E-A773-611C667E3654}"
EndProject
Project("{9A19103F-16F7-4668-BE54-9A1E7A4F7556}") = "Northwind.Common.UnitTests", "Northwind.Common.UnitTests\Northwind.Common.UnitTests.csproj", "{7D167A75-CF16-4B78-AC6E-78082E6079C9}"
EndProject
Project("{9A19103F-16F7-4668-BE54-9A1E7A4F7556}") = "Northwind.Web", "Northwind.Web\Northwind.Web.csproj", "{2A857B6F-22DC-46B2-8581-C4DC3AF25859}"
EndProject
Project("{9A19103F-16F7-4668-BE54-9A1E7A4F7556}") = "Northwind.Razor.Employees", "Northwind.Razor.Employees\Northwind.Razor.Employees.csproj", "{D6A75257-7898-408C-A7D8-98EFAEC098BC}"
EndProject
Project("{9A19103F-16F7-4668-BE54-9A1E7A4F7556}") = "Northwind.Mvc", "Northwind.Mvc\Northwind.Mvc.csproj", "{0299DD63-9404-45D0-8F13-F39E0BF76DBA}"
EndProject
Project("{FAE04EC0-301F-11D3-BF4B-00C04F79EFBC}") = "Northwind.WebApi", "Northwind.WebApi\Northwind.WebApi.csproj", "{BC8F3E88-A30D-4A62-98BA-5D9B6DAB35E9}"
EndProject
Global
	GlobalSection(SolutionConfigurationPlatforms) = preSolution
		Debug|Any CPU = Debug|Any CPU
		Release|Any CPU = Release|Any CPU
	EndGlobalSection
	GlobalSection(ProjectConfigurationPlatforms) = postSolution
		{97CFF9DF-76E5-4EE8-97DA-88D3284AD90C}.Debug|Any CPU.ActiveCfg = Debug|Any CPU
		{97CFF9DF-76E5-4EE8-97DA-88D3284AD90C}.Debug|Any CPU.Build.0 = Debug|Any CPU
		{97CFF9DF-76E5-4EE8-97DA-88D3284AD90C}.Release|Any CPU.ActiveCfg = Release|Any CPU
		{97CFF9DF-76E5-4EE8-97DA-88D3284AD90C}.Release|Any CPU.Build.0 = Release|Any CPU
		{C8BE3821-2132-475E-A773-611C667E3654}.Debug|Any CPU.ActiveCfg = Debug|Any CPU
		{C8BE3821-2132-475E-A773-611C667E3654}.Debug|Any CPU.Build.0 = Debug|Any CPU
		{C8BE3821-2132-475E-A773-611C667E3654}.Release|Any CPU.ActiveCfg = Release|Any CPU
		{C8BE3821-2132-475E-A773-611C667E3654}.Release|Any CPU.Build.0 = Release|Any CPU
		{7D167A75-CF16-4B78-AC6E-78082E6079C9}.Debug|Any CPU.ActiveCfg = Debug|Any CPU
		{7D167A75-CF16-4B78-AC6E-78082E6079C9}.Debug|Any CPU.Build.0 = Debug|Any CPU
		{7D167A75-CF16-4B78-AC6E-78082E6079C9}.Release|Any CPU.ActiveCfg = Release|Any CPU
		{7D167A75-CF16-4B78-AC6E-78082E6079C9}.Release|Any CPU.Build.0 = Release|Any CPU
		{2A857B6F-22DC-46B2-8581-C4DC3AF25859}.Debug|Any CPU.ActiveCfg = Debug|Any CPU
		{2A857B6F-22DC-46B2-8581-C4DC3AF25859}.Debug|Any CPU.Build.0 = Debug|Any CPU
		{2A857B6F-22DC-46B2-8581-C4DC3AF25859}.Release|Any CPU.ActiveCfg = Release|Any CPU
		{2A857B6F-22DC-46B2-8581-C4DC3AF25859}.Release|Any CPU.Build.0 = Release|Any CPU
		{D6A75257-7898-408C-A7D8-98EFAEC098BC}.Debug|Any CPU.ActiveCfg = Debug|Any CPU
		{D6A75257-7898-408C-A7D8-98EFAEC098BC}.Debug|Any CPU.Build.0 = Debug|Any CPU
		{D6A75257-7898-408C-A7D8-98EFAEC098BC}.Release|Any CPU.ActiveCfg = Release|Any CPU
		{D6A75257-7898-408C-A7D8-98EFAEC098BC}.Release|Any CPU.Build.0 = Release|Any CPU
		{0299DD63-9404-45D0-8F13-F39E0BF76DBA}.Debug|Any CPU.ActiveCfg = Debug|Any CPU
		{0299DD63-9404-45D0-8F13-F39E0BF76DBA}.Debug|Any CPU.Build.0 = Debug|Any CPU
		{0299DD63-9404-45D0-8F13-F39E0BF76DBA}.Release|Any CPU.ActiveCfg = Release|Any CPU
		{0299DD63-9404-45D0-8F13-F39E0BF76DBA}.Release|Any CPU.Build.0 = Release|Any CPU
		{BC8F3E88-A30D-4A62-98BA-5D9B6DAB35E9}.Debug|Any CPU.ActiveCfg = Debug|Any CPU
		{BC8F3E88-A30D-4A62-98BA-5D9B6DAB35E9}.Debug|Any CPU.Build.0 = Debug|Any CPU
		{BC8F3E88-A30D-4A62-98BA-5D9B6DAB35E9}.Release|Any CPU.ActiveCfg = Release|Any CPU
		{BC8F3E88-A30D-4A62-98BA-5D9B6DAB35E9}.Release|Any CPU.Build.0 = Release|Any CPU
	EndGlobalSection
	GlobalSection(SolutionProperties) = preSolution
		HideSolutionNode = FALSE
	EndGlobalSection
	GlobalSection(ExtensibilityGlobals) = postSolution
		SolutionGuid = {35622352-748D-4976-961B-F45ECA652180}
	EndGlobalSection
EndGlobal
