
Microsoft Visual Studio Solution File, Format Version 12.00
# Visual Studio Version 17
VisualStudioVersion = 17.7.34031.279
MinimumVisualStudioVersion = 10.0.40219.1
Project("{9A19103F-16F7-4668-BE54-9A1E7A4F7556}") = "WritingFunctions", "WritingFunctions\WritingFunctions.csproj", "{446C86BF-B0D1-44D0-9071-2DD4618080AA}"
EndProject
Project("{9A19103F-16F7-4668-BE54-9A1E7A4F7556}") = "Debugging", "Debugging\Debugging.csproj", "{DE36916E-1374-426E-8798-5FF26007BAAE}"
EndProject
Project("{9A19103F-16F7-4668-BE54-9A1E7A4F7556}") = "HotReloading", "HotReloading\HotReloading.csproj", "{BD23CEC3-0933-4EBF-BA7F-094D07CD8C12}"
EndProject
Project("{9A19103F-16F7-4668-BE54-9A1E7A4F7556}") = "Instrumenting", "Instrumenting\Instrumenting.csproj", "{A4698FB8-09F0-46CD-9BF8-ACE780E37729}"
EndProject
Project("{FAE04EC0-301F-11D3-BF4B-00C04F79EFBC}") = "CalculatorLib", "CalculatorLib\CalculatorLib.csproj", "{644F1D72-96DC-4A1D-9130-DAD5BD3A49E4}"
EndProject
Project("{FAE04EC0-301F-11D3-BF4B-00C04F79EFBC}") = "CalculatorLibUnitTests", "CalculatorLibUnitTests\CalculatorLibUnitTests.csproj", "{8FB735C0-C0AF-4C98-9529-D3563566F790}"
EndProject
Project("{FAE04EC0-301F-11D3-BF4B-00C04F79EFBC}") = "CallStackExceptionHandlingLib", "CallStackExceptionHandlingLib\CallStackExceptionHandlingLib.csproj", "{F5A0302B-DF31-4A6A-8023-392B0B6D8DAD}"
EndProject
Project("{FAE04EC0-301F-11D3-BF4B-00C04F79EFBC}") = "CallStackExceptionHandling", "CallStackExceptionHandling\CallStackExceptionHandling.csproj", "{78C8EB32-A0D1-47B8-B997-003F1A4BC6B5}"
EndProject
Project("{FAE04EC0-301F-11D3-BF4B-00C04F79EFBC}") = "Ch04Ex02PrimeFactorsApp", "Ch04Ex02PrimeFactorsApp\Ch04Ex02PrimeFactorsApp.csproj", "{51DF29ED-3E08-4ED8-B988-EEB86CB0839F}"
EndProject
Project("{FAE04EC0-301F-11D3-BF4B-00C04F79EFBC}") = "Ch04Ex02PrimeFactorsTests", "Ch04Ex02PrimeFactorsTests\Ch04Ex02PrimeFactorsTests.csproj", "{4E98DD42-9C14-4511-BAE7-B3E7E02693DB}"
EndProject
Project("{FAE04EC0-301F-11D3-BF4B-00C04F79EFBC}") = "Ch04Ex02PrimeFactorsLib", "Ch04Ex02PrimeFactorsLib\Ch04Ex02PrimeFactorsLib.csproj", "{7E2F4EEC-4956-4344-B352-6447FA80158A}"
EndProject
Global
	GlobalSection(SolutionConfigurationPlatforms) = preSolution
		Debug|Any CPU = Debug|Any CPU
		Release|Any CPU = Release|Any CPU
	EndGlobalSection
	GlobalSection(ProjectConfigurationPlatforms) = postSolution
		{446C86BF-B0D1-44D0-9071-2DD4618080AA}.Debug|Any CPU.ActiveCfg = Debug|Any CPU
		{446C86BF-B0D1-44D0-9071-2DD4618080AA}.Debug|Any CPU.Build.0 = Debug|Any CPU
		{446C86BF-B0D1-44D0-9071-2DD4618080AA}.Release|Any CPU.ActiveCfg = Release|Any CPU
		{446C86BF-B0D1-44D0-9071-2DD4618080AA}.Release|Any CPU.Build.0 = Release|Any CPU
		{DE36916E-1374-426E-8798-5FF26007BAAE}.Debug|Any CPU.ActiveCfg = Debug|Any CPU
		{DE36916E-1374-426E-8798-5FF26007BAAE}.Debug|Any CPU.Build.0 = Debug|Any CPU
		{DE36916E-1374-426E-8798-5FF26007BAAE}.Release|Any CPU.ActiveCfg = Release|Any CPU
		{DE36916E-1374-426E-8798-5FF26007BAAE}.Release|Any CPU.Build.0 = Release|Any CPU
		{BD23CEC3-0933-4EBF-BA7F-094D07CD8C12}.Debug|Any CPU.ActiveCfg = Debug|Any CPU
		{BD23CEC3-0933-4EBF-BA7F-094D07CD8C12}.Debug|Any CPU.Build.0 = Debug|Any CPU
		{BD23CEC3-0933-4EBF-BA7F-094D07CD8C12}.Release|Any CPU.ActiveCfg = Release|Any CPU
		{BD23CEC3-0933-4EBF-BA7F-094D07CD8C12}.Release|Any CPU.Build.0 = Release|Any CPU
		{A4698FB8-09F0-46CD-9BF8-ACE780E37729}.Debug|Any CPU.ActiveCfg = Debug|Any CPU
		{A4698FB8-09F0-46CD-9BF8-ACE780E37729}.Debug|Any CPU.Build.0 = Debug|Any CPU
		{A4698FB8-09F0-46CD-9BF8-ACE780E37729}.Release|Any CPU.ActiveCfg = Release|Any CPU
		{A4698FB8-09F0-46CD-9BF8-ACE780E37729}.Release|Any CPU.Build.0 = Release|Any CPU
		{644F1D72-96DC-4A1D-9130-DAD5BD3A49E4}.Debug|Any CPU.ActiveCfg = Debug|Any CPU
		{644F1D72-96DC-4A1D-9130-DAD5BD3A49E4}.Debug|Any CPU.Build.0 = Debug|Any CPU
		{644F1D72-96DC-4A1D-9130-DAD5BD3A49E4}.Release|Any CPU.ActiveCfg = Release|Any CPU
		{644F1D72-96DC-4A1D-9130-DAD5BD3A49E4}.Release|Any CPU.Build.0 = Release|Any CPU
		{8FB735C0-C0AF-4C98-9529-D3563566F790}.Debug|Any CPU.ActiveCfg = Debug|Any CPU
		{8FB735C0-C0AF-4C98-9529-D3563566F790}.Debug|Any CPU.Build.0 = Debug|Any CPU
		{8FB735C0-C0AF-4C98-9529-D3563566F790}.Release|Any CPU.ActiveCfg = Release|Any CPU
		{8FB735C0-C0AF-4C98-9529-D3563566F790}.Release|Any CPU.Build.0 = Release|Any CPU
		{F5A0302B-DF31-4A6A-8023-392B0B6D8DAD}.Debug|Any CPU.ActiveCfg = Debug|Any CPU
		{F5A0302B-DF31-4A6A-8023-392B0B6D8DAD}.Debug|Any CPU.Build.0 = Debug|Any CPU
		{F5A0302B-DF31-4A6A-8023-392B0B6D8DAD}.Release|Any CPU.ActiveCfg = Release|Any CPU
		{F5A0302B-DF31-4A6A-8023-392B0B6D8DAD}.Release|Any CPU.Build.0 = Release|Any CPU
		{78C8EB32-A0D1-47B8-B997-003F1A4BC6B5}.Debug|Any CPU.ActiveCfg = Debug|Any CPU
		{78C8EB32-A0D1-47B8-B997-003F1A4BC6B5}.Debug|Any CPU.Build.0 = Debug|Any CPU
		{78C8EB32-A0D1-47B8-B997-003F1A4BC6B5}.Release|Any CPU.ActiveCfg = Release|Any CPU
		{78C8EB32-A0D1-47B8-B997-003F1A4BC6B5}.Release|Any CPU.Build.0 = Release|Any CPU
		{51DF29ED-3E08-4ED8-B988-EEB86CB0839F}.Debug|Any CPU.ActiveCfg = Debug|Any CPU
		{51DF29ED-3E08-4ED8-B988-EEB86CB0839F}.Debug|Any CPU.Build.0 = Debug|Any CPU
		{51DF29ED-3E08-4ED8-B988-EEB86CB0839F}.Release|Any CPU.ActiveCfg = Release|Any CPU
		{51DF29ED-3E08-4ED8-B988-EEB86CB0839F}.Release|Any CPU.Build.0 = Release|Any CPU
		{4E98DD42-9C14-4511-BAE7-B3E7E02693DB}.Debug|Any CPU.ActiveCfg = Debug|Any CPU
		{4E98DD42-9C14-4511-BAE7-B3E7E02693DB}.Debug|Any CPU.Build.0 = Debug|Any CPU
		{4E98DD42-9C14-4511-BAE7-B3E7E02693DB}.Release|Any CPU.ActiveCfg = Release|Any CPU
		{4E98DD42-9C14-4511-BAE7-B3E7E02693DB}.Release|Any CPU.Build.0 = Release|Any CPU
		{7E2F4EEC-4956-4344-B352-6447FA80158A}.Debug|Any CPU.ActiveCfg = Debug|Any CPU
		{7E2F4EEC-4956-4344-B352-6447FA80158A}.Debug|Any CPU.Build.0 = Debug|Any CPU
		{7E2F4EEC-4956-4344-B352-6447FA80158A}.Release|Any CPU.ActiveCfg = Release|Any CPU
		{7E2F4EEC-4956-4344-B352-6447FA80158A}.Release|Any CPU.Build.0 = Release|Any CPU
	EndGlobalSection
	GlobalSection(SolutionProperties) = preSolution
		HideSolutionNode = FALSE
	EndGlobalSection
	GlobalSection(ExtensibilityGlobals) = postSolution
		SolutionGuid = {D0354339-16EB-4F0B-81D9-DB7415938AD8}
	EndGlobalSection
EndGlobal
